
Microsoft Visual Studio Solution File, Format Version 12.00
# Visual Studio Version 17
VisualStudioVersion = 17.4.33103.184
MinimumVisualStudioVersion = 10.0.40219.1
Project("{FAE04EC0-301F-11D3-BF4B-00C04F79EFBC}") = "AreaTrianguloForms", "AreaTrianguloForms\AreaTrianguloForms.csproj", "{A25D7CC0-D2D9-4789-9A5C-D7C9A1753659}"
EndProject
Global
	GlobalSection(SolutionConfigurationPlatforms) = preSolution
		Debug|Any CPU = Debug|Any CPU
		Release|Any CPU = Release|Any CPU
	EndGlobalSection
	GlobalSection(ProjectConfigurationPlatforms) = postSolution
		{A25D7CC0-D2D9-4789-9A5C-D7C9A1753659}.Debug|Any CPU.ActiveCfg = Debug|Any CPU
		{A25D7CC0-D2D9-4789-9A5C-D7C9A1753659}.Debug|Any CPU.Build.0 = Debug|Any CPU
		{A25D7CC0-D2D9-4789-9A5C-D7C9A1753659}.Release|Any CPU.ActiveCfg = Release|Any CPU
		{A25D7CC0-D2D9-4789-9A5C-D7C9A1753659}.Release|Any CPU.Build.0 = Release|Any CPU
	EndGlobalSection
	GlobalSection(SolutionProperties) = preSolution
		HideSolutionNode = FALSE
	EndGlobalSection
	GlobalSection(ExtensibilityGlobals) = postSolution
		SolutionGuid = {88DDD5D2-6C28-4270-A33F-A34D7192572E}
	EndGlobalSection
EndGlobal
